// !$*UTF8*$!
{
	archiveVersion = 1;
	classes = {
	};
	objectVersion = 50;
	objects = {

/* Begin PBXBuildFile section */
		6CB848DF239EB720008FAF35 /* AppDelegate.swift in Sources */ = {isa = PBXBuildFile; fileRef = 6CB848DE239EB720008FAF35 /* AppDelegate.swift */; };
		6CB848E1239EB720008FAF35 /* SceneDelegate.swift in Sources */ = {isa = PBXBuildFile; fileRef = 6CB848E0239EB720008FAF35 /* SceneDelegate.swift */; };
		6CB848E3239EB720008FAF35 /* ViewController.swift in Sources */ = {isa = PBXBuildFile; fileRef = 6CB848E2239EB720008FAF35 /* ViewController.swift */; };
		6CB848E6239EB720008FAF35 /* Main.storyboard in Resources */ = {isa = PBXBuildFile; fileRef = 6CB848E4239EB720008FAF35 /* Main.storyboard */; };
		6CB848E8239EB722008FAF35 /* Assets.xcassets in Resources */ = {isa = PBXBuildFile; fileRef = 6CB848E7239EB722008FAF35 /* Assets.xcassets */; };
		6CB848EB239EB722008FAF35 /* LaunchScreen.storyboard in Resources */ = {isa = PBXBuildFile; fileRef = 6CB848E9239EB722008FAF35 /* LaunchScreen.storyboard */; };
		6CB848F6239EB722008FAF35 /* AstronomyPhotosTests.swift in Sources */ = {isa = PBXBuildFile; fileRef = 6CB848F5239EB722008FAF35 /* AstronomyPhotosTests.swift */; };
		6CB84901239EB744008FAF35 /* NetworkHelper.swift in Sources */ = {isa = PBXBuildFile; fileRef = 6CB84900239EB743008FAF35 /* NetworkHelper.swift */; };
		6CB84903239EB753008FAF35 /* AppError.swift in Sources */ = {isa = PBXBuildFile; fileRef = 6CB84902239EB753008FAF35 /* AppError.swift */; };
		6CB84905239EB914008FAF35 /* PlanetCell.swift in Sources */ = {isa = PBXBuildFile; fileRef = 6CB84904239EB914008FAF35 /* PlanetCell.swift */; };
		6CB84907239EB9F3008FAF35 /* UIImageView+Extension.swift in Sources */ = {isa = PBXBuildFile; fileRef = 6CB84906239EB9F3008FAF35 /* UIImageView+Extension.swift */; };
/* End PBXBuildFile section */

/* Begin PBXContainerItemProxy section */
		6CB848F2239EB722008FAF35 /* PBXContainerItemProxy */ = {
			isa = PBXContainerItemProxy;
			containerPortal = 6CB848D3239EB720008FAF35 /* Project object */;
			proxyType = 1;
			remoteGlobalIDString = 6CB848DA239EB720008FAF35;
			remoteInfo = AstronomyPhotos;
		};
/* End PBXContainerItemProxy section */

/* Begin PBXFileReference section */
		6CB848DB239EB720008FAF35 /* AstronomyPhotos.app */ = {isa = PBXFileReference; explicitFileType = wrapper.application; includeInIndex = 0; path = AstronomyPhotos.app; sourceTree = BUILT_PRODUCTS_DIR; };
		6CB848DE239EB720008FAF35 /* AppDelegate.swift */ = {isa = PBXFileReference; lastKnownFileType = sourcecode.swift; path = AppDelegate.swift; sourceTree = "<group>"; };
		6CB848E0239EB720008FAF35 /* SceneDelegate.swift */ = {isa = PBXFileReference; lastKnownFileType = sourcecode.swift; path = SceneDelegate.swift; sourceTree = "<group>"; };
		6CB848E2239EB720008FAF35 /* ViewController.swift */ = {isa = PBXFileReference; lastKnownFileType = sourcecode.swift; path = ViewController.swift; sourceTree = "<group>"; };
		6CB848E5239EB720008FAF35 /* Base */ = {isa = PBXFileReference; lastKnownFileType = file.storyboard; name = Base; path = Base.lproj/Main.storyboard; sourceTree = "<group>"; };
		6CB848E7239EB722008FAF35 /* Assets.xcassets */ = {isa = PBXFileReference; lastKnownFileType = folder.assetcatalog; path = Assets.xcassets; sourceTree = "<group>"; };
		6CB848EA239EB722008FAF35 /* Base */ = {isa = PBXFileReference; lastKnownFileType = file.storyboard; name = Base; path = Base.lproj/LaunchScreen.storyboard; sourceTree = "<group>"; };
		6CB848EC239EB722008FAF35 /* Info.plist */ = {isa = PBXFileReference; lastKnownFileType = text.plist.xml; path = Info.plist; sourceTree = "<group>"; };
		6CB848F1239EB722008FAF35 /* AstronomyPhotosTests.xctest */ = {isa = PBXFileReference; explicitFileType = wrapper.cfbundle; includeInIndex = 0; path = AstronomyPhotosTests.xctest; sourceTree = BUILT_PRODUCTS_DIR; };
		6CB848F5239EB722008FAF35 /* AstronomyPhotosTests.swift */ = {isa = PBXFileReference; lastKnownFileType = sourcecode.swift; path = AstronomyPhotosTests.swift; sourceTree = "<group>"; };
		6CB848F7239EB722008FAF35 /* Info.plist */ = {isa = PBXFileReference; lastKnownFileType = text.plist.xml; path = Info.plist; sourceTree = "<group>"; };
		6CB84900239EB743008FAF35 /* NetworkHelper.swift */ = {isa = PBXFileReference; lastKnownFileType = sourcecode.swift; path = NetworkHelper.swift; sourceTree = "<group>"; };
		6CB84902239EB753008FAF35 /* AppError.swift */ = {isa = PBXFileReference; lastKnownFileType = sourcecode.swift; path = AppError.swift; sourceTree = "<group>"; };
		6CB84904239EB914008FAF35 /* PlanetCell.swift */ = {isa = PBXFileReference; lastKnownFileType = sourcecode.swift; path = PlanetCell.swift; sourceTree = "<group>"; };
		6CB84906239EB9F3008FAF35 /* UIImageView+Extension.swift */ = {isa = PBXFileReference; lastKnownFileType = sourcecode.swift; path = "UIImageView+Extension.swift"; sourceTree = "<group>"; };
/* End PBXFileReference section */

/* Begin PBXFrameworksBuildPhase section */
		6CB848D8239EB720008FAF35 /* Frameworks */ = {
			isa = PBXFrameworksBuildPhase;
			buildActionMask = 2147483647;
			files = (
			);
			runOnlyForDeploymentPostprocessing = 0;
		};
		6CB848EE239EB722008FAF35 /* Frameworks */ = {
			isa = PBXFrameworksBuildPhase;
			buildActionMask = 2147483647;
			files = (
			);
			runOnlyForDeploymentPostprocessing = 0;
		};
/* End PBXFrameworksBuildPhase section */

/* Begin PBXGroup section */
		6CB848D2239EB720008FAF35 = {
			isa = PBXGroup;
			children = (
				6CB848DD239EB720008FAF35 /* AstronomyPhotos */,
				6CB848F4239EB722008FAF35 /* AstronomyPhotosTests */,
				6CB848DC239EB720008FAF35 /* Products */,
			);
			sourceTree = "<group>";
		};
		6CB848DC239EB720008FAF35 /* Products */ = {
			isa = PBXGroup;
			children = (
				6CB848DB239EB720008FAF35 /* AstronomyPhotos.app */,
				6CB848F1239EB722008FAF35 /* AstronomyPhotosTests.xctest */,
			);
			name = Products;
			sourceTree = "<group>";
		};
		6CB848DD239EB720008FAF35 /* AstronomyPhotos */ = {
			isa = PBXGroup;
			children = (
				6CB848DE239EB720008FAF35 /* AppDelegate.swift */,
				6CB848E0239EB720008FAF35 /* SceneDelegate.swift */,
				6CB848E2239EB720008FAF35 /* ViewController.swift */,
				6CB84900239EB743008FAF35 /* NetworkHelper.swift */,
				6CB84902239EB753008FAF35 /* AppError.swift */,
				6CB84904239EB914008FAF35 /* PlanetCell.swift */,
				6CB84906239EB9F3008FAF35 /* UIImageView+Extension.swift */,
				6CB848E4239EB720008FAF35 /* Main.storyboard */,
				6CB848E7239EB722008FAF35 /* Assets.xcassets */,
				6CB848E9239EB722008FAF35 /* LaunchScreen.storyboard */,
				6CB848EC239EB722008FAF35 /* Info.plist */,
			);
			path = AstronomyPhotos;
			sourceTree = "<group>";
		};
		6CB848F4239EB722008FAF35 /* AstronomyPhotosTests */ = {
			isa = PBXGroup;
			children = (
				6CB848F5239EB722008FAF35 /* AstronomyPhotosTests.swift */,
				6CB848F7239EB722008FAF35 /* Info.plist */,
			);
			path = AstronomyPhotosTests;
			sourceTree = "<group>";
		};
/* End PBXGroup section */

/* Begin PBXNativeTarget section */
		6CB848DA239EB720008FAF35 /* AstronomyPhotos */ = {
			isa = PBXNativeTarget;
			buildConfigurationList = 6CB848FA239EB722008FAF35 /* Build configuration list for PBXNativeTarget "AstronomyPhotos" */;
			buildPhases = (
				6CB848D7239EB720008FAF35 /* Sources */,
				6CB848D8239EB720008FAF35 /* Frameworks */,
				6CB848D9239EB720008FAF35 /* Resources */,
			);
			buildRules = (
			);
			dependencies = (
			);
			name = AstronomyPhotos;
			productName = AstronomyPhotos;
			productReference = 6CB848DB239EB720008FAF35 /* AstronomyPhotos.app */;
			productType = "com.apple.product-type.application";
		};
		6CB848F0239EB722008FAF35 /* AstronomyPhotosTests */ = {
			isa = PBXNativeTarget;
			buildConfigurationList = 6CB848FD239EB722008FAF35 /* Build configuration list for PBXNativeTarget "AstronomyPhotosTests" */;
			buildPhases = (
				6CB848ED239EB722008FAF35 /* Sources */,
				6CB848EE239EB722008FAF35 /* Frameworks */,
				6CB848EF239EB722008FAF35 /* Resources */,
			);
			buildRules = (
			);
			dependencies = (
				6CB848F3239EB722008FAF35 /* PBXTargetDependency */,
			);
			name = AstronomyPhotosTests;
			productName = AstronomyPhotosTests;
			productReference = 6CB848F1239EB722008FAF35 /* AstronomyPhotosTests.xctest */;
			productType = "com.apple.product-type.bundle.unit-test";
		};
/* End PBXNativeTarget section */

/* Begin PBXProject section */
		6CB848D3239EB720008FAF35 /* Project object */ = {
			isa = PBXProject;
			attributes = {
				LastSwiftUpdateCheck = 1120;
				LastUpgradeCheck = 1120;
				ORGANIZATIONNAME = "Edward O'Neill";
				TargetAttributes = {
					6CB848DA239EB720008FAF35 = {
						CreatedOnToolsVersion = 11.2.1;
					};
					6CB848F0239EB722008FAF35 = {
						CreatedOnToolsVersion = 11.2.1;
						TestTargetID = 6CB848DA239EB720008FAF35;
					};
				};
			};
			buildConfigurationList = 6CB848D6239EB720008FAF35 /* Build configuration list for PBXProject "AstronomyPhotos" */;
			compatibilityVersion = "Xcode 9.3";
			developmentRegion = en;
			hasScannedForEncodings = 0;
			knownRegions = (
				en,
				Base,
			);
			mainGroup = 6CB848D2239EB720008FAF35;
			productRefGroup = 6CB848DC239EB720008FAF35 /* Products */;
			projectDirPath = "";
			projectRoot = "";
			targets = (
				6CB848DA239EB720008FAF35 /* AstronomyPhotos */,
				6CB848F0239EB722008FAF35 /* AstronomyPhotosTests */,
			);
		};
/* End PBXProject section */

/* Begin PBXResourcesBuildPhase section */
		6CB848D9239EB720008FAF35 /* Resources */ = {
			isa = PBXResourcesBuildPhase;
			buildActionMask = 2147483647;
			files = (
				6CB848EB239EB722008FAF35 /* LaunchScreen.storyboard in Resources */,
				6CB848E8239EB722008FAF35 /* Assets.xcassets in Resources */,
				6CB848E6239EB720008FAF35 /* Main.storyboard in Resources */,
			);
			runOnlyForDeploymentPostprocessing = 0;
		};
		6CB848EF239EB722008FAF35 /* Resources */ = {
			isa = PBXResourcesBuildPhase;
			buildActionMask = 2147483647;
			files = (
			);
			runOnlyForDeploymentPostprocessing = 0;
		};
/* End PBXResourcesBuildPhase section */

/* Begin PBXSourcesBuildPhase section */
		6CB848D7239EB720008FAF35 /* Sources */ = {
			isa = PBXSourcesBuildPhase;
			buildActionMask = 2147483647;
			files = (
				6CB84901239EB744008FAF35 /* NetworkHelper.swift in Sources */,
				6CB848E3239EB720008FAF35 /* ViewController.swift in Sources */,
				6CB84907239EB9F3008FAF35 /* UIImageView+Extension.swift in Sources */,
				6CB84903239EB753008FAF35 /* AppError.swift in Sources */,
				6CB84905239EB914008FAF35 /* PlanetCell.swift in Sources */,
				6CB848DF239EB720008FAF35 /* AppDelegate.swift in Sources */,
				6CB848E1239EB720008FAF35 /* SceneDelegate.swift in Sources */,
			);
			runOnlyForDeploymentPostprocessing = 0;
		};
		6CB848ED239EB722008FAF35 /* Sources */ = {
			isa = PBXSourcesBuildPhase;
			buildActionMask = 2147483647;
			files = (
				6CB848F6239EB722008FAF35 /* AstronomyPhotosTests.swift in Sources */,
			);
			runOnlyForDeploymentPostprocessing = 0;
		};
/* End PBXSourcesBuildPhase section */

/* Begin PBXTargetDependency section */
		6CB848F3239EB722008FAF35 /* PBXTargetDependency */ = {
			isa = PBXTargetDependency;
			target = 6CB848DA239EB720008FAF35 /* AstronomyPhotos */;
			targetProxy = 6CB848F2239EB722008FAF35 /* PBXContainerItemProxy */;
		};
/* End PBXTargetDependency section */

/* Begin PBXVariantGroup section */
		6CB848E4239EB720008FAF35 /* Main.storyboard */ = {
			isa = PBXVariantGroup;
			children = (
				6CB848E5239EB720008FAF35 /* Base */,
			);
			name = Main.storyboard;
			sourceTree = "<group>";
		};
		6CB848E9239EB722008FAF35 /* LaunchScreen.storyboard */ = {
			isa = PBXVariantGroup;
			children = (
				6CB848EA239EB722008FAF35 /* Base */,
			);
			name = LaunchScreen.storyboard;
			sourceTree = "<group>";
		};
/* End PBXVariantGroup section */

/* Begin XCBuildConfiguration section */
		6CB848F8239EB722008FAF35 /* Debug */ = {
			isa = XCBuildConfiguration;
			buildSettings = {
				ALWAYS_SEARCH_USER_PATHS = NO;
				CLANG_ANALYZER_NONNULL = YES;
				CLANG_ANALYZER_NUMBER_OBJECT_CONVERSION = YES_AGGRESSIVE;
				CLANG_CXX_LANGUAGE_STANDARD = "gnu++14";
				CLANG_CXX_LIBRARY = "libc++";
				CLANG_ENABLE_MODULES = YES;
				CLANG_ENABLE_OBJC_ARC = YES;
				CLANG_ENABLE_OBJC_WEAK = YES;
				CLANG_WARN_BLOCK_CAPTURE_AUTORELEASING = YES;
				CLANG_WARN_BOOL_CONVERSION = YES;
				CLANG_WARN_COMMA = YES;
				CLANG_WARN_CONSTANT_CONVERSION = YES;
				CLANG_WARN_DEPRECATED_OBJC_IMPLEMENTATIONS = YES;
				CLANG_WARN_DIRECT_OBJC_ISA_USAGE = YES_ERROR;
				CLANG_WARN_DOCUMENTATION_COMMENTS = YES;
				CLANG_WARN_EMPTY_BODY = YES;
				CLANG_WARN_ENUM_CONVERSION = YES;
				CLANG_WARN_INFINITE_RECURSION = YES;
				CLANG_WARN_INT_CONVERSION = YES;
				CLANG_WARN_NON_LITERAL_NULL_CONVERSION = YES;
				CLANG_WARN_OBJC_IMPLICIT_RETAIN_SELF = YES;
				CLANG_WARN_OBJC_LITERAL_CONVERSION = YES;
				CLANG_WARN_OBJC_ROOT_CLASS = YES_ERROR;
				CLANG_WARN_RANGE_LOOP_ANALYSIS = YES;
				CLANG_WARN_STRICT_PROTOTYPES = YES;
				CLANG_WARN_SUSPICIOUS_MOVE = YES;
				CLANG_WARN_UNGUARDED_AVAILABILITY = YES_AGGRESSIVE;
				CLANG_WARN_UNREACHABLE_CODE = YES;
				CLANG_WARN__DUPLICATE_METHOD_MATCH = YES;
				COPY_PHASE_STRIP = NO;
				DEBUG_INFORMATION_FORMAT = dwarf;
				ENABLE_STRICT_OBJC_MSGSEND = YES;
				ENABLE_TESTABILITY = YES;
				GCC_C_LANGUAGE_STANDARD = gnu11;
				GCC_DYNAMIC_NO_PIC = NO;
				GCC_NO_COMMON_BLOCKS = YES;
				GCC_OPTIMIZATION_LEVEL = 0;
				GCC_PREPROCESSOR_DEFINITIONS = (
					"DEBUG=1",
					"$(inherited)",
				);
				GCC_WARN_64_TO_32_BIT_CONVERSION = YES;
				GCC_WARN_ABOUT_RETURN_TYPE = YES_ERROR;
				GCC_WARN_UNDECLARED_SELECTOR = YES;
				GCC_WARN_UNINITIALIZED_AUTOS = YES_AGGRESSIVE;
				GCC_WARN_UNUSED_FUNCTION = YES;
				GCC_WARN_UNUSED_VARIABLE = YES;
				IPHONEOS_DEPLOYMENT_TARGET = 13.2;
				MTL_ENABLE_DEBUG_INFO = INCLUDE_SOURCE;
				MTL_FAST_MATH = YES;
				ONLY_ACTIVE_ARCH = YES;
				SDKROOT = iphoneos;
				SWIFT_ACTIVE_COMPILATION_CONDITIONS = DEBUG;
				SWIFT_OPTIMIZATION_LEVEL = "-Onone";
			};
			name = Debug;
		};
		6CB848F9239EB722008FAF35 /* Release */ = {
			isa = XCBuildConfiguration;
			buildSettings = {
				ALWAYS_SEARCH_USER_PATHS = NO;
				CLANG_ANALYZER_NONNULL = YES;
				CLANG_ANALYZER_NUMBER_OBJECT_CONVERSION = YES_AGGRESSIVE;
				CLANG_CXX_LANGUAGE_STANDARD = "gnu++14";
				CLANG_CXX_LIBRARY = "libc++";
				CLANG_ENABLE_MODULES = YES;
				CLANG_ENABLE_OBJC_ARC = YES;
				CLANG_ENABLE_OBJC_WEAK = YES;
				CLANG_WARN_BLOCK_CAPTURE_AUTORELEASING = YES;
				CLANG_WARN_BOOL_CONVERSION = YES;
				CLANG_WARN_COMMA = YES;
				CLANG_WARN_CONSTANT_CONVERSION = YES;
				CLANG_WARN_DEPRECATED_OBJC_IMPLEMENTATIONS = YES;
				CLANG_WARN_DIRECT_OBJC_ISA_USAGE = YES_ERROR;
				CLANG_WARN_DOCUMENTATION_COMMENTS = YES;
				CLANG_WARN_EMPTY_BODY = YES;
				CLANG_WARN_ENUM_CONVERSION = YES;
				CLANG_WARN_INFINITE_RECURSION = YES;
				CLANG_WARN_INT_CONVERSION = YES;
				CLANG_WARN_NON_LITERAL_NULL_CONVERSION = YES;
				CLANG_WARN_OBJC_IMPLICIT_RETAIN_SELF = YES;
				CLANG_WARN_OBJC_LITERAL_CONVERSION = YES;
				CLANG_WARN_OBJC_ROOT_CLASS = YES_ERROR;
				CLANG_WARN_RANGE_LOOP_ANALYSIS = YES;
				CLANG_WARN_STRICT_PROTOTYPES = YES;
				CLANG_WARN_SUSPICIOUS_MOVE = YES;
				CLANG_WARN_UNGUARDED_AVAILABILITY = YES_AGGRESSIVE;
				CLANG_WARN_UNREACHABLE_CODE = YES;
				CLANG_WARN__DUPLICATE_METHOD_MATCH = YES;
				COPY_PHASE_STRIP = NO;
				DEBUG_INFORMATION_FORMAT = "dwarf-with-dsym";
				ENABLE_NS_ASSERTIONS = NO;
				ENABLE_STRICT_OBJC_MSGSEND = YES;
				GCC_C_LANGUAGE_STANDARD = gnu11;
				GCC_NO_COMMON_BLOCKS = YES;
				GCC_WARN_64_TO_32_BIT_CONVERSION = YES;
				GCC_WARN_ABOUT_RETURN_TYPE = YES_ERROR;
				GCC_WARN_UNDECLARED_SELECTOR = YES;
				GCC_WARN_UNINITIALIZED_AUTOS = YES_AGGRESSIVE;
				GCC_WARN_UNUSED_FUNCTION = YES;
				GCC_WARN_UNUSED_VARIABLE = YES;
				IPHONEOS_DEPLOYMENT_TARGET = 13.2;
				MTL_ENABLE_DEBUG_INFO = NO;
				MTL_FAST_MATH = YES;
				SDKROOT = iphoneos;
				SWIFT_COMPILATION_MODE = wholemodule;
				SWIFT_OPTIMIZATION_LEVEL = "-O";
				VALIDATE_PRODUCT = YES;
			};
			name = Release;
		};
		6CB848FB239EB722008FAF35 /* Debug */ = {
			isa = XCBuildConfiguration;
			buildSettings = {
				ASSETCATALOG_COMPILER_APPICON_NAME = AppIcon;
				CODE_SIGN_STYLE = Automatic;
				DEVELOPMENT_TEAM = 26RHXP32FH;
				INFOPLIST_FILE = AstronomyPhotos/Info.plist;
				IPHONEOS_DEPLOYMENT_TARGET = 13.0;
				LD_RUNPATH_SEARCH_PATHS = (
					"$(inherited)",
					"@executable_path/Frameworks",
				);
				PRODUCT_BUNDLE_IDENTIFIER = com.edward.AstronomyPhotos;
				PRODUCT_NAME = "$(TARGET_NAME)";
				SWIFT_VERSION = 5.0;
				TARGETED_DEVICE_FAMILY = "1,2";
			};
			name = Debug;
		};
		6CB848FC239EB722008FAF35 /* Release */ = {
			isa = XCBuildConfiguration;
			buildSettings = {
				ASSETCATALOG_COMPILER_APPICON_NAME = AppIcon;
				CODE_SIGN_STYLE = Automatic;
				DEVELOPMENT_TEAM = 26RHXP32FH;
				INFOPLIST_FILE = AstronomyPhotos/Info.plist;
				IPHONEOS_DEPLOYMENT_TARGET = 13.0;
				LD_RUNPATH_SEARCH_PATHS = (
					"$(inherited)",
					"@executable_path/Frameworks",
				);
				PRODUCT_BUNDLE_IDENTIFIER = com.edward.AstronomyPhotos;
				PRODUCT_NAME = "$(TARGET_NAME)";
				SWIFT_VERSION = 5.0;
				TARGETED_DEVICE_FAMILY = "1,2";
			};
			name = Release;
		};
		6CB848FE239EB722008FAF35 /* Debug */ = {
			isa = XCBuildConfiguration;
			buildSettings = {
				ALWAYS_EMBED_SWIFT_STANDARD_LIBRARIES = YES;
				BUNDLE_LOADER = "$(TEST_HOST)";
				CODE_SIGN_STYLE = Automatic;
				DEVELOPMENT_TEAM = 26RHXP32FH;
				INFOPLIST_FILE = AstronomyPhotosTests/Info.plist;
				IPHONEOS_DEPLOYMENT_TARGET = 13.2;
				LD_RUNPATH_SEARCH_PATHS = (
					"$(inherited)",
					"@executable_path/Frameworks",
					"@loader_path/Frameworks",
				);
				PRODUCT_BUNDLE_IDENTIFIER = com.edward.AstronomyPhotosTests;
				PRODUCT_NAME = "$(TARGET_NAME)";
				SWIFT_VERSION = 5.0;
				TARGETED_DEVICE_FAMILY = "1,2";
				TEST_HOST = "$(BUILT_PRODUCTS_DIR)/AstronomyPhotos.app/AstronomyPhotos";
			};
			name = Debug;
		};
		6CB848FF239EB722008FAF35 /* Release */ = {
			isa = XCBuildConfiguration;
			buildSettings = {
				ALWAYS_EMBED_SWIFT_STANDARD_LIBRARIES = YES;
				BUNDLE_LOADER = "$(TEST_HOST)";
				CODE_SIGN_STYLE = Automatic;
				DEVELOPMENT_TEAM = 26RHXP32FH;
				INFOPLIST_FILE = AstronomyPhotosTests/Info.plist;
				IPHONEOS_DEPLOYMENT_TARGET = 13.2;
				LD_RUNPATH_SEARCH_PATHS = (
					"$(inherited)",
					"@executable_path/Frameworks",
					"@loader_path/Frameworks",
				);
				PRODUCT_BUNDLE_IDENTIFIER = com.edward.AstronomyPhotosTests;
				PRODUCT_NAME = "$(TARGET_NAME)";
				SWIFT_VERSION = 5.0;
				TARGETED_DEVICE_FAMILY = "1,2";
				TEST_HOST = "$(BUILT_PRODUCTS_DIR)/AstronomyPhotos.app/AstronomyPhotos";
			};
			name = Release;
		};
/* End XCBuildConfiguration section */

/* Begin XCConfigurationList section */
		6CB848D6239EB720008FAF35 /* Build configuration list for PBXProject "AstronomyPhotos" */ = {
			isa = XCConfigurationList;
			buildConfigurations = (
				6CB848F8239EB722008FAF35 /* Debug */,
				6CB848F9239EB722008FAF35 /* Release */,
			);
			defaultConfigurationIsVisible = 0;
			defaultConfigurationName = Release;
		};
		6CB848FA239EB722008FAF35 /* Build configuration list for PBXNativeTarget "AstronomyPhotos" */ = {
			isa = XCConfigurationList;
			buildConfigurations = (
				6CB848FB239EB722008FAF35 /* Debug */,
				6CB848FC239EB722008FAF35 /* Release */,
			);
			defaultConfigurationIsVisible = 0;
			defaultConfigurationName = Release;
		};
		6CB848FD239EB722008FAF35 /* Build configuration list for PBXNativeTarget "AstronomyPhotosTests" */ = {
			isa = XCConfigurationList;
			buildConfigurations = (
				6CB848FE239EB722008FAF35 /* Debug */,
				6CB848FF239EB722008FAF35 /* Release */,
			);
			defaultConfigurationIsVisible = 0;
			defaultConfigurationName = Release;
		};
/* End XCConfigurationList section */
	};
	rootObject = 6CB848D3239EB720008FAF35 /* Project object */;
}
